// !$*UTF8*$!
{
	archiveVersion = 1;
	classes = {
	};
	objectVersion = 56;
	objects = {

/* Begin PBXBuildFile section */
		F5B5F4052C3EC2A900A0B766 /* fitness_trackerApp.swift in Sources */ = {isa = PBXBuildFile; fileRef = F5B5F4042C3EC2A900A0B766 /* fitness_trackerApp.swift */; };
		F5B5F4072C3EC2A900A0B766 /* ContentView.swift in Sources */ = {isa = PBXBuildFile; fileRef = F5B5F4062C3EC2A900A0B766 /* ContentView.swift */; };
		F5B5F4092C3EC2AA00A0B766 /* Assets.xcassets in Resources */ = {isa = PBXBuildFile; fileRef = F5B5F4082C3EC2AA00A0B766 /* Assets.xcassets */; };
		F5B5F40C2C3EC2AA00A0B766 /* Preview Assets.xcassets in Resources */ = {isa = PBXBuildFile; fileRef = F5B5F40B2C3EC2AA00A0B766 /* Preview Assets.xcassets */; };
		F5B5F4162C3EC2AA00A0B766 /* fitness_trackerTests.swift in Sources */ = {isa = PBXBuildFile; fileRef = F5B5F4152C3EC2AA00A0B766 /* fitness_trackerTests.swift */; };
		F5B5F4202C3EC2AA00A0B766 /* fitness_trackerUITests.swift in Sources */ = {isa = PBXBuildFile; fileRef = F5B5F41F2C3EC2AA00A0B766 /* fitness_trackerUITests.swift */; };
		F5B5F4222C3EC2AA00A0B766 /* fitness_trackerUITestsLaunchTests.swift in Sources */ = {isa = PBXBuildFile; fileRef = F5B5F4212C3EC2AA00A0B766 /* fitness_trackerUITestsLaunchTests.swift */; };
/* End PBXBuildFile section */

/* Begin PBXContainerItemProxy section */
		F5B5F4122C3EC2AA00A0B766 /* PBXContainerItemProxy */ = {
			isa = PBXContainerItemProxy;
			containerPortal = F5B5F3F92C3EC2A900A0B766 /* Project object */;
			proxyType = 1;
			remoteGlobalIDString = F5B5F4002C3EC2A900A0B766;
			remoteInfo = "fitness tracker";
		};
		F5B5F41C2C3EC2AA00A0B766 /* PBXContainerItemProxy */ = {
			isa = PBXContainerItemProxy;
			containerPortal = F5B5F3F92C3EC2A900A0B766 /* Project object */;
			proxyType = 1;
			remoteGlobalIDString = F5B5F4002C3EC2A900A0B766;
			remoteInfo = "fitness tracker";
		};
/* End PBXContainerItemProxy section */

/* Begin PBXFileReference section */
		F5B5F4012C3EC2A900A0B766 /* fitness tracker.app */ = {isa = PBXFileReference; explicitFileType = wrapper.application; includeInIndex = 0; path = "fitness tracker.app"; sourceTree = BUILT_PRODUCTS_DIR; };
		F5B5F4042C3EC2A900A0B766 /* fitness_trackerApp.swift */ = {isa = PBXFileReference; lastKnownFileType = sourcecode.swift; path = fitness_trackerApp.swift; sourceTree = "<group>"; };
		F5B5F4062C3EC2A900A0B766 /* ContentView.swift */ = {isa = PBXFileReference; lastKnownFileType = sourcecode.swift; path = ContentView.swift; sourceTree = "<group>"; };
		F5B5F4082C3EC2AA00A0B766 /* Assets.xcassets */ = {isa = PBXFileReference; lastKnownFileType = folder.assetcatalog; path = Assets.xcassets; sourceTree = "<group>"; };
		F5B5F40B2C3EC2AA00A0B766 /* Preview Assets.xcassets */ = {isa = PBXFileReference; lastKnownFileType = folder.assetcatalog; path = "Preview Assets.xcassets"; sourceTree = "<group>"; };
		F5B5F4112C3EC2AA00A0B766 /* fitness trackerTests.xctest */ = {isa = PBXFileReference; explicitFileType = wrapper.cfbundle; includeInIndex = 0; path = "fitness trackerTests.xctest"; sourceTree = BUILT_PRODUCTS_DIR; };
		F5B5F4152C3EC2AA00A0B766 /* fitness_trackerTests.swift */ = {isa = PBXFileReference; lastKnownFileType = sourcecode.swift; path = fitness_trackerTests.swift; sourceTree = "<group>"; };
		F5B5F41B2C3EC2AA00A0B766 /* fitness trackerUITests.xctest */ = {isa = PBXFileReference; explicitFileType = wrapper.cfbundle; includeInIndex = 0; path = "fitness trackerUITests.xctest"; sourceTree = BUILT_PRODUCTS_DIR; };
		F5B5F41F2C3EC2AA00A0B766 /* fitness_trackerUITests.swift */ = {isa = PBXFileReference; lastKnownFileType = sourcecode.swift; path = fitness_trackerUITests.swift; sourceTree = "<group>"; };
		F5B5F4212C3EC2AA00A0B766 /* fitness_trackerUITestsLaunchTests.swift */ = {isa = PBXFileReference; lastKnownFileType = sourcecode.swift; path = fitness_trackerUITestsLaunchTests.swift; sourceTree = "<group>"; };
/* End PBXFileReference section */

/* Begin PBXFrameworksBuildPhase section */
		F5B5F3FE2C3EC2A900A0B766 /* Frameworks */ = {
			isa = PBXFrameworksBuildPhase;
			buildActionMask = 2147483647;
			files = (
			);
			runOnlyForDeploymentPostprocessing = 0;
		};
		F5B5F40E2C3EC2AA00A0B766 /* Frameworks */ = {
			isa = PBXFrameworksBuildPhase;
			buildActionMask = 2147483647;
			files = (
			);
			runOnlyForDeploymentPostprocessing = 0;
		};
		F5B5F4182C3EC2AA00A0B766 /* Frameworks */ = {
			isa = PBXFrameworksBuildPhase;
			buildActionMask = 2147483647;
			files = (
			);
			runOnlyForDeploymentPostprocessing = 0;
		};
/* End PBXFrameworksBuildPhase section */

/* Begin PBXGroup section */
		F5B5F3F82C3EC2A900A0B766 = {
			isa = PBXGroup;
			children = (
				F5B5F4032C3EC2A900A0B766 /* fitness tracker */,
				F5B5F4142C3EC2AA00A0B766 /* fitness trackerTests */,
				F5B5F41E2C3EC2AA00A0B766 /* fitness trackerUITests */,
				F5B5F4022C3EC2A900A0B766 /* Products */,
			);
			sourceTree = "<group>";
		};
		F5B5F4022C3EC2A900A0B766 /* Products */ = {
			isa = PBXGroup;
			children = (
				F5B5F4012C3EC2A900A0B766 /* fitness tracker.app */,
				F5B5F4112C3EC2AA00A0B766 /* fitness trackerTests.xctest */,
				F5B5F41B2C3EC2AA00A0B766 /* fitness trackerUITests.xctest */,
			);
			name = Products;
			sourceTree = "<group>";
		};
		F5B5F4032C3EC2A900A0B766 /* fitness tracker */ = {
			isa = PBXGroup;
			children = (
				F5B5F4042C3EC2A900A0B766 /* fitness_trackerApp.swift */,
				F5B5F4062C3EC2A900A0B766 /* ContentView.swift */,
				F5B5F4082C3EC2AA00A0B766 /* Assets.xcassets */,
				F5B5F40A2C3EC2AA00A0B766 /* Preview Content */,
			);
			path = "fitness tracker";
			sourceTree = "<group>";
		};
		F5B5F40A2C3EC2AA00A0B766 /* Preview Content */ = {
			isa = PBXGroup;
			children = (
				F5B5F40B2C3EC2AA00A0B766 /* Preview Assets.xcassets */,
			);
			path = "Preview Content";
			sourceTree = "<group>";
		};
		F5B5F4142C3EC2AA00A0B766 /* fitness trackerTests */ = {
			isa = PBXGroup;
			children = (
				F5B5F4152C3EC2AA00A0B766 /* fitness_trackerTests.swift */,
			);
			path = "fitness trackerTests";
			sourceTree = "<group>";
		};
		F5B5F41E2C3EC2AA00A0B766 /* fitness trackerUITests */ = {
			isa = PBXGroup;
			children = (
				F5B5F41F2C3EC2AA00A0B766 /* fitness_trackerUITests.swift */,
				F5B5F4212C3EC2AA00A0B766 /* fitness_trackerUITestsLaunchTests.swift */,
			);
			path = "fitness trackerUITests";
			sourceTree = "<group>";
		};
/* End PBXGroup section */

/* Begin PBXNativeTarget section */
		F5B5F4002C3EC2A900A0B766 /* fitness tracker */ = {
			isa = PBXNativeTarget;
			buildConfigurationList = F5B5F4252C3EC2AA00A0B766 /* Build configuration list for PBXNativeTarget "fitness tracker" */;
			buildPhases = (
				F5B5F3FD2C3EC2A900A0B766 /* Sources */,
				F5B5F3FE2C3EC2A900A0B766 /* Frameworks */,
				F5B5F3FF2C3EC2A900A0B766 /* Resources */,
			);
			buildRules = (
			);
			dependencies = (
			);
			name = "fitness tracker";
			productName = "fitness tracker";
			productReference = F5B5F4012C3EC2A900A0B766 /* fitness tracker.app */;
			productType = "com.apple.product-type.application";
		};
		F5B5F4102C3EC2AA00A0B766 /* fitness trackerTests */ = {
			isa = PBXNativeTarget;
			buildConfigurationList = F5B5F4282C3EC2AA00A0B766 /* Build configuration list for PBXNativeTarget "fitness trackerTests" */;
			buildPhases = (
				F5B5F40D2C3EC2AA00A0B766 /* Sources */,
				F5B5F40E2C3EC2AA00A0B766 /* Frameworks */,
				F5B5F40F2C3EC2AA00A0B766 /* Resources */,
			);
			buildRules = (
			);
			dependencies = (
				F5B5F4132C3EC2AA00A0B766 /* PBXTargetDependency */,
			);
			name = "fitness trackerTests";
			productName = "fitness trackerTests";
			productReference = F5B5F4112C3EC2AA00A0B766 /* fitness trackerTests.xctest */;
			productType = "com.apple.product-type.bundle.unit-test";
		};
		F5B5F41A2C3EC2AA00A0B766 /* fitness trackerUITests */ = {
			isa = PBXNativeTarget;
			buildConfigurationList = F5B5F42B2C3EC2AA00A0B766 /* Build configuration list for PBXNativeTarget "fitness trackerUITests" */;
			buildPhases = (
				F5B5F4172C3EC2AA00A0B766 /* Sources */,
				F5B5F4182C3EC2AA00A0B766 /* Frameworks */,
				F5B5F4192C3EC2AA00A0B766 /* Resources */,
			);
			buildRules = (
			);
			dependencies = (
				F5B5F41D2C3EC2AA00A0B766 /* PBXTargetDependency */,
			);
			name = "fitness trackerUITests";
			productName = "fitness trackerUITests";
			productReference = F5B5F41B2C3EC2AA00A0B766 /* fitness trackerUITests.xctest */;
			productType = "com.apple.product-type.bundle.ui-testing";
		};
/* End PBXNativeTarget section */

/* Begin PBXProject section */
		F5B5F3F92C3EC2A900A0B766 /* Project object */ = {
			isa = PBXProject;
			attributes = {
				BuildIndependentTargetsInParallel = 1;
				LastSwiftUpdateCheck = 1540;
				LastUpgradeCheck = 1540;
				TargetAttributes = {
					F5B5F4002C3EC2A900A0B766 = {
						CreatedOnToolsVersion = 15.4;
					};
					F5B5F4102C3EC2AA00A0B766 = {
						CreatedOnToolsVersion = 15.4;
						TestTargetID = F5B5F4002C3EC2A900A0B766;
					};
					F5B5F41A2C3EC2AA00A0B766 = {
						CreatedOnToolsVersion = 15.4;
						TestTargetID = F5B5F4002C3EC2A900A0B766;
					};
				};
			};
			buildConfigurationList = F5B5F3FC2C3EC2A900A0B766 /* Build configuration list for PBXProject "fitness tracker" */;
			compatibilityVersion = "Xcode 14.0";
			developmentRegion = en;
			hasScannedForEncodings = 0;
			knownRegions = (
				en,
				Base,
			);
			mainGroup = F5B5F3F82C3EC2A900A0B766;
			productRefGroup = F5B5F4022C3EC2A900A0B766 /* Products */;
			projectDirPath = "";
			projectRoot = "";
			targets = (
				F5B5F4002C3EC2A900A0B766 /* fitness tracker */,
				F5B5F4102C3EC2AA00A0B766 /* fitness trackerTests */,
				F5B5F41A2C3EC2AA00A0B766 /* fitness trackerUITests */,
			);
		};
/* End PBXProject section */

/* Begin PBXResourcesBuildPhase section */
		F5B5F3FF2C3EC2A900A0B766 /* Resources */ = {
			isa = PBXResourcesBuildPhase;
			buildActionMask = 2147483647;
			files = (
				F5B5F40C2C3EC2AA00A0B766 /* Preview Assets.xcassets in Resources */,
				F5B5F4092C3EC2AA00A0B766 /* Assets.xcassets in Resources */,
			);
			runOnlyForDeploymentPostprocessing = 0;
		};
		F5B5F40F2C3EC2AA00A0B766 /* Resources */ = {
			isa = PBXResourcesBuildPhase;
			buildActionMask = 2147483647;
			files = (
			);
			runOnlyForDeploymentPostprocessing = 0;
		};
		F5B5F4192C3EC2AA00A0B766 /* Resources */ = {
			isa = PBXResourcesBuildPhase;
			buildActionMask = 2147483647;
			files = (
			);
			runOnlyForDeploymentPostprocessing = 0;
		};
/* End PBXResourcesBuildPhase section */

/* Begin PBXSourcesBuildPhase section */
		F5B5F3FD2C3EC2A900A0B766 /* Sources */ = {
			isa = PBXSourcesBuildPhase;
			buildActionMask = 2147483647;
			files = (
				F5B5F4072C3EC2A900A0B766 /* ContentView.swift in Sources */,
				F5B5F4052C3EC2A900A0B766 /* fitness_trackerApp.swift in Sources */,
			);
			runOnlyForDeploymentPostprocessing = 0;
		};
		F5B5F40D2C3EC2AA00A0B766 /* Sources */ = {
			isa = PBXSourcesBuildPhase;
			buildActionMask = 2147483647;
			files = (
				F5B5F4162C3EC2AA00A0B766 /* fitness_trackerTests.swift in Sources */,
			);
			runOnlyForDeploymentPostprocessing = 0;
		};
		F5B5F4172C3EC2AA00A0B766 /* Sources */ = {
			isa = PBXSourcesBuildPhase;
			buildActionMask = 2147483647;
			files = (
				F5B5F4222C3EC2AA00A0B766 /* fitness_trackerUITestsLaunchTests.swift in Sources */,
				F5B5F4202C3EC2AA00A0B766 /* fitness_trackerUITests.swift in Sources */,
			);
			runOnlyForDeploymentPostprocessing = 0;
		};
/* End PBXSourcesBuildPhase section */

/* Begin PBXTargetDependency section */
		F5B5F4132C3EC2AA00A0B766 /* PBXTargetDependency */ = {
			isa = PBXTargetDependency;
			target = F5B5F4002C3EC2A900A0B766 /* fitness tracker */;
			targetProxy = F5B5F4122C3EC2AA00A0B766 /* PBXContainerItemProxy */;
		};
		F5B5F41D2C3EC2AA00A0B766 /* PBXTargetDependency */ = {
			isa = PBXTargetDependency;
			target = F5B5F4002C3EC2A900A0B766 /* fitness tracker */;
			targetProxy = F5B5F41C2C3EC2AA00A0B766 /* PBXContainerItemProxy */;
		};
/* End PBXTargetDependency section */

/* Begin XCBuildConfiguration section */
		F5B5F4232C3EC2AA00A0B766 /* Debug */ = {
			isa = XCBuildConfiguration;
			buildSettings = {
				ALWAYS_SEARCH_USER_PATHS = NO;
				ASSETCATALOG_COMPILER_GENERATE_SWIFT_ASSET_SYMBOL_EXTENSIONS = YES;
				CLANG_ANALYZER_NONNULL = YES;
				CLANG_ANALYZER_NUMBER_OBJECT_CONVERSION = YES_AGGRESSIVE;
				CLANG_CXX_LANGUAGE_STANDARD = "gnu++20";
				CLANG_ENABLE_MODULES = YES;
				CLANG_ENABLE_OBJC_ARC = YES;
				CLANG_ENABLE_OBJC_WEAK = YES;
				CLANG_WARN_BLOCK_CAPTURE_AUTORELEASING = YES;
				CLANG_WARN_BOOL_CONVERSION = YES;
				CLANG_WARN_COMMA = YES;
				CLANG_WARN_CONSTANT_CONVERSION = YES;
				CLANG_WARN_DEPRECATED_OBJC_IMPLEMENTATIONS = YES;
				CLANG_WARN_DIRECT_OBJC_ISA_USAGE = YES_ERROR;
				CLANG_WARN_DOCUMENTATION_COMMENTS = YES;
				CLANG_WARN_EMPTY_BODY = YES;
				CLANG_WARN_ENUM_CONVERSION = YES;
				CLANG_WARN_INFINITE_RECURSION = YES;
				CLANG_WARN_INT_CONVERSION = YES;
				CLANG_WARN_NON_LITERAL_NULL_CONVERSION = YES;
				CLANG_WARN_OBJC_IMPLICIT_RETAIN_SELF = YES;
				CLANG_WARN_OBJC_LITERAL_CONVERSION = YES;
				CLANG_WARN_OBJC_ROOT_CLASS = YES_ERROR;
				CLANG_WARN_QUOTED_INCLUDE_IN_FRAMEWORK_HEADER = YES;
				CLANG_WARN_RANGE_LOOP_ANALYSIS = YES;
				CLANG_WARN_STRICT_PROTOTYPES = YES;
				CLANG_WARN_SUSPICIOUS_MOVE = YES;
				CLANG_WARN_UNGUARDED_AVAILABILITY = YES_AGGRESSIVE;
				CLANG_WARN_UNREACHABLE_CODE = YES;
				CLANG_WARN__DUPLICATE_METHOD_MATCH = YES;
				COPY_PHASE_STRIP = NO;
				DEBUG_INFORMATION_FORMAT = dwarf;
				ENABLE_STRICT_OBJC_MSGSEND = YES;
				ENABLE_TESTABILITY = YES;
				ENABLE_USER_SCRIPT_SANDBOXING = YES;
				GCC_C_LANGUAGE_STANDARD = gnu17;
				GCC_DYNAMIC_NO_PIC = NO;
				GCC_NO_COMMON_BLOCKS = YES;
				GCC_OPTIMIZATION_LEVEL = 0;
				GCC_PREPROCESSOR_DEFINITIONS = (
					"DEBUG=1",
					"$(inherited)",
				);
				GCC_WARN_64_TO_32_BIT_CONVERSION = YES;
				GCC_WARN_ABOUT_RETURN_TYPE = YES_ERROR;
				GCC_WARN_UNDECLARED_SELECTOR = YES;
				GCC_WARN_UNINITIALIZED_AUTOS = YES_AGGRESSIVE;
				GCC_WARN_UNUSED_FUNCTION = YES;
				GCC_WARN_UNUSED_VARIABLE = YES;
				IPHONEOS_DEPLOYMENT_TARGET = 17.5;
				LOCALIZATION_PREFERS_STRING_CATALOGS = YES;
				MTL_ENABLE_DEBUG_INFO = INCLUDE_SOURCE;
				MTL_FAST_MATH = YES;
				ONLY_ACTIVE_ARCH = YES;
				SDKROOT = iphoneos;
				SWIFT_ACTIVE_COMPILATION_CONDITIONS = "DEBUG $(inherited)";
				SWIFT_OPTIMIZATION_LEVEL = "-Onone";
			};
			name = Debug;
		};
		F5B5F4242C3EC2AA00A0B766 /* Release */ = {
			isa = XCBuildConfiguration;
			buildSettings = {
				ALWAYS_SEARCH_USER_PATHS = NO;
				ASSETCATALOG_COMPILER_GENERATE_SWIFT_ASSET_SYMBOL_EXTENSIONS = YES;
				CLANG_ANALYZER_NONNULL = YES;
				CLANG_ANALYZER_NUMBER_OBJECT_CONVERSION = YES_AGGRESSIVE;
				CLANG_CXX_LANGUAGE_STANDARD = "gnu++20";
				CLANG_ENABLE_MODULES = YES;
				CLANG_ENABLE_OBJC_ARC = YES;
				CLANG_ENABLE_OBJC_WEAK = YES;
				CLANG_WARN_BLOCK_CAPTURE_AUTORELEASING = YES;
				CLANG_WARN_BOOL_CONVERSION = YES;
				CLANG_WARN_COMMA = YES;
				CLANG_WARN_CONSTANT_CONVERSION = YES;
				CLANG_WARN_DEPRECATED_OBJC_IMPLEMENTATIONS = YES;
				CLANG_WARN_DIRECT_OBJC_ISA_USAGE = YES_ERROR;
				CLANG_WARN_DOCUMENTATION_COMMENTS = YES;
				CLANG_WARN_EMPTY_BODY = YES;
				CLANG_WARN_ENUM_CONVERSION = YES;
				CLANG_WARN_INFINITE_RECURSION = YES;
				CLANG_WARN_INT_CONVERSION = YES;
				CLANG_WARN_NON_LITERAL_NULL_CONVERSION = YES;
				CLANG_WARN_OBJC_IMPLICIT_RETAIN_SELF = YES;
				CLANG_WARN_OBJC_LITERAL_CONVERSION = YES;
				CLANG_WARN_OBJC_ROOT_CLASS = YES_ERROR;
				CLANG_WARN_QUOTED_INCLUDE_IN_FRAMEWORK_HEADER = YES;
				CLANG_WARN_RANGE_LOOP_ANALYSIS = YES;
				CLANG_WARN_STRICT_PROTOTYPES = YES;
				CLANG_WARN_SUSPICIOUS_MOVE = YES;
				CLANG_WARN_UNGUARDED_AVAILABILITY = YES_AGGRESSIVE;
				CLANG_WARN_UNREACHABLE_CODE = YES;
				CLANG_WARN__DUPLICATE_METHOD_MATCH = YES;
				COPY_PHASE_STRIP = NO;
				DEBUG_INFORMATION_FORMAT = "dwarf-with-dsym";
				ENABLE_NS_ASSERTIONS = NO;
				ENABLE_STRICT_OBJC_MSGSEND = YES;
				ENABLE_USER_SCRIPT_SANDBOXING = YES;
				GCC_C_LANGUAGE_STANDARD = gnu17;
				GCC_NO_COMMON_BLOCKS = YES;
				GCC_WARN_64_TO_32_BIT_CONVERSION = YES;
				GCC_WARN_ABOUT_RETURN_TYPE = YES_ERROR;
				GCC_WARN_UNDECLARED_SELECTOR = YES;
				GCC_WARN_UNINITIALIZED_AUTOS = YES_AGGRESSIVE;
				GCC_WARN_UNUSED_FUNCTION = YES;
				GCC_WARN_UNUSED_VARIABLE = YES;
				IPHONEOS_DEPLOYMENT_TARGET = 17.5;
				LOCALIZATION_PREFERS_STRING_CATALOGS = YES;
				MTL_ENABLE_DEBUG_INFO = NO;
				MTL_FAST_MATH = YES;
				SDKROOT = iphoneos;
				SWIFT_COMPILATION_MODE = wholemodule;
				VALIDATE_PRODUCT = YES;
			};
			name = Release;
		};
		F5B5F4262C3EC2AA00A0B766 /* Debug */ = {
			isa = XCBuildConfiguration;
			buildSettings = {
				ASSETCATALOG_COMPILER_APPICON_NAME = AppIcon;
				ASSETCATALOG_COMPILER_GLOBAL_ACCENT_COLOR_NAME = AccentColor;
				CODE_SIGN_STYLE = Automatic;
				CURRENT_PROJECT_VERSION = 1;
				DEVELOPMENT_ASSET_PATHS = "\"fitness tracker/Preview Content\"";
				DEVELOPMENT_TEAM = JZCUXFPQKX;
				ENABLE_PREVIEWS = YES;
				GENERATE_INFOPLIST_FILE = YES;
				INFOPLIST_KEY_UIApplicationSceneManifest_Generation = YES;
				INFOPLIST_KEY_UIApplicationSupportsIndirectInputEvents = YES;
				INFOPLIST_KEY_UILaunchScreen_Generation = YES;
				INFOPLIST_KEY_UISupportedInterfaceOrientations_iPad = "UIInterfaceOrientationPortrait UIInterfaceOrientationPortraitUpsideDown UIInterfaceOrientationLandscapeLeft UIInterfaceOrientationLandscapeRight";
				INFOPLIST_KEY_UISupportedInterfaceOrientations_iPhone = "UIInterfaceOrientationPortrait UIInterfaceOrientationLandscapeLeft UIInterfaceOrientationLandscapeRight";
				LD_RUNPATH_SEARCH_PATHS = (
					"$(inherited)",
					"@executable_path/Frameworks",
				);
				MARKETING_VERSION = 1.0;
				PRODUCT_BUNDLE_IDENTIFIER = "com.avaedwards.fitness-tracker";
				PRODUCT_NAME = "$(TARGET_NAME)";
				SWIFT_EMIT_LOC_STRINGS = YES;
				SWIFT_VERSION = 5.0;
				TARGETED_DEVICE_FAMILY = "1,2";
			};
			name = Debug;
		};
		F5B5F4272C3EC2AA00A0B766 /* Release */ = {
			isa = XCBuildConfiguration;
			buildSettings = {
				ASSETCATALOG_COMPILER_APPICON_NAME = AppIcon;
				ASSETCATALOG_COMPILER_GLOBAL_ACCENT_COLOR_NAME = AccentColor;
				CODE_SIGN_STYLE = Automatic;
				CURRENT_PROJECT_VERSION = 1;
				DEVELOPMENT_ASSET_PATHS = "\"fitness tracker/Preview Content\"";
				DEVELOPMENT_TEAM = JZCUXFPQKX;
				ENABLE_PREVIEWS = YES;
				GENERATE_INFOPLIST_FILE = YES;
				INFOPLIST_KEY_UIApplicationSceneManifest_Generation = YES;
				INFOPLIST_KEY_UIApplicationSupportsIndirectInputEvents = YES;
				INFOPLIST_KEY_UILaunchScreen_Generation = YES;
				INFOPLIST_KEY_UISupportedInterfaceOrientations_iPad = "UIInterfaceOrientationPortrait UIInterfaceOrientationPortraitUpsideDown UIInterfaceOrientationLandscapeLeft UIInterfaceOrientationLandscapeRight";
				INFOPLIST_KEY_UISupportedInterfaceOrientations_iPhone = "UIInterfaceOrientationPortrait UIInterfaceOrientationLandscapeLeft UIInterfaceOrientationLandscapeRight";
				LD_RUNPATH_SEARCH_PATHS = (
					"$(inherited)",
					"@executable_path/Frameworks",
				);
				MARKETING_VERSION = 1.0;
				PRODUCT_BUNDLE_IDENTIFIER = "com.avaedwards.fitness-tracker";
				PRODUCT_NAME = "$(TARGET_NAME)";
				SWIFT_EMIT_LOC_STRINGS = YES;
				SWIFT_VERSION = 5.0;
				TARGETED_DEVICE_FAMILY = "1,2";
			};
			name = Release;
		};
		F5B5F4292C3EC2AA00A0B766 /* Debug */ = {
			isa = XCBuildConfiguration;
			buildSettings = {
				ALWAYS_EMBED_SWIFT_STANDARD_LIBRARIES = YES;
				BUNDLE_LOADER = "$(TEST_HOST)";
				CODE_SIGN_STYLE = Automatic;
				CURRENT_PROJECT_VERSION = 1;
				DEVELOPMENT_TEAM = JZCUXFPQKX;
				GENERATE_INFOPLIST_FILE = YES;
				IPHONEOS_DEPLOYMENT_TARGET = 17.5;
				MARKETING_VERSION = 1.0;
				PRODUCT_BUNDLE_IDENTIFIER = "com.avaedwards.fitness-trackerTests";
				PRODUCT_NAME = "$(TARGET_NAME)";
				SWIFT_EMIT_LOC_STRINGS = NO;
				SWIFT_VERSION = 5.0;
				TARGETED_DEVICE_FAMILY = "1,2";
				TEST_HOST = "$(BUILT_PRODUCTS_DIR)/fitness tracker.app/$(BUNDLE_EXECUTABLE_FOLDER_PATH)/fitness tracker";
			};
			name = Debug;
		};
		F5B5F42A2C3EC2AA00A0B766 /* Release */ = {
			isa = XCBuildConfiguration;
			buildSettings = {
				ALWAYS_EMBED_SWIFT_STANDARD_LIBRARIES = YES;
				BUNDLE_LOADER = "$(TEST_HOST)";
				CODE_SIGN_STYLE = Automatic;
				CURRENT_PROJECT_VERSION = 1;
				DEVELOPMENT_TEAM = JZCUXFPQKX;
				GENERATE_INFOPLIST_FILE = YES;
				IPHONEOS_DEPLOYMENT_TARGET = 17.5;
				MARKETING_VERSION = 1.0;
				PRODUCT_BUNDLE_IDENTIFIER = "com.avaedwards.fitness-trackerTests";
				PRODUCT_NAME = "$(TARGET_NAME)";
				SWIFT_EMIT_LOC_STRINGS = NO;
				SWIFT_VERSION = 5.0;
				TARGETED_DEVICE_FAMILY = "1,2";
				TEST_HOST = "$(BUILT_PRODUCTS_DIR)/fitness tracker.app/$(BUNDLE_EXECUTABLE_FOLDER_PATH)/fitness tracker";
			};
			name = Release;
		};
		F5B5F42C2C3EC2AA00A0B766 /* Debug */ = {
			isa = XCBuildConfiguration;
			buildSettings = {
				ALWAYS_EMBED_SWIFT_STANDARD_LIBRARIES = YES;
				CODE_SIGN_STYLE = Automatic;
				CURRENT_PROJECT_VERSION = 1;
				DEVELOPMENT_TEAM = JZCUXFPQKX;
				GENERATE_INFOPLIST_FILE = YES;
				MARKETING_VERSION = 1.0;
				PRODUCT_BUNDLE_IDENTIFIER = "com.avaedwards.fitness-trackerUITests";
				PRODUCT_NAME = "$(TARGET_NAME)";
				SWIFT_EMIT_LOC_STRINGS = NO;
				SWIFT_VERSION = 5.0;
				TARGETED_DEVICE_FAMILY = "1,2";
				TEST_TARGET_NAME = "fitness tracker";
			};
			name = Debug;
		};
		F5B5F42D2C3EC2AA00A0B766 /* Release */ = {
			isa = XCBuildConfiguration;
			buildSettings = {
				ALWAYS_EMBED_SWIFT_STANDARD_LIBRARIES = YES;
				CODE_SIGN_STYLE = Automatic;
				CURRENT_PROJECT_VERSION = 1;
				DEVELOPMENT_TEAM = JZCUXFPQKX;
				GENERATE_INFOPLIST_FILE = YES;
				MARKETING_VERSION = 1.0;
				PRODUCT_BUNDLE_IDENTIFIER = "com.avaedwards.fitness-trackerUITests";
				PRODUCT_NAME = "$(TARGET_NAME)";
				SWIFT_EMIT_LOC_STRINGS = NO;
				SWIFT_VERSION = 5.0;
				TARGETED_DEVICE_FAMILY = "1,2";
				TEST_TARGET_NAME = "fitness tracker";
			};
			name = Release;
		};
/* End XCBuildConfiguration section */

/* Begin XCConfigurationList section */
		F5B5F3FC2C3EC2A900A0B766 /* Build configuration list for PBXProject "fitness tracker" */ = {
			isa = XCConfigurationList;
			buildConfigurations = (
				F5B5F4232C3EC2AA00A0B766 /* Debug */,
				F5B5F4242C3EC2AA00A0B766 /* Release */,
			);
			defaultConfigurationIsVisible = 0;
			defaultConfigurationName = Release;
		};
		F5B5F4252C3EC2AA00A0B766 /* Build configuration list for PBXNativeTarget "fitness tracker" */ = {
			isa = XCConfigurationList;
			buildConfigurations = (
				F5B5F4262C3EC2AA00A0B766 /* Debug */,
				F5B5F4272C3EC2AA00A0B766 /* Release */,
			);
			defaultConfigurationIsVisible = 0;
			defaultConfigurationName = Release;
		};
		F5B5F4282C3EC2AA00A0B766 /* Build configuration list for PBXNativeTarget "fitness trackerTests" */ = {
			isa = XCConfigurationList;
			buildConfigurations = (
				F5B5F4292C3EC2AA00A0B766 /* Debug */,
				F5B5F42A2C3EC2AA00A0B766 /* Release */,
			);
			defaultConfigurationIsVisible = 0;
			defaultConfigurationName = Release;
		};
		F5B5F42B2C3EC2AA00A0B766 /* Build configuration list for PBXNativeTarget "fitness trackerUITests" */ = {
			isa = XCConfigurationList;
			buildConfigurations = (
				F5B5F42C2C3EC2AA00A0B766 /* Debug */,
				F5B5F42D2C3EC2AA00A0B766 /* Release */,
			);
			defaultConfigurationIsVisible = 0;
			defaultConfigurationName = Release;
		};
/* End XCConfigurationList section */
	};
	rootObject = F5B5F3F92C3EC2A900A0B766 /* Project object */;
}
